
Microsoft Visual Studio Solution File, Format Version 12.00
# Visual Studio Version 17
VisualStudioVersion = 17.0.32126.317
MinimumVisualStudioVersion = 10.0.40219.1
Project("{FAE04EC0-301F-11D3-BF4B-00C04F79EFBC}") = "PikselRenkBulma", "PikselRenkBulma\PikselRenkBulma.csproj", "{62813D7B-7C22-4092-B1F2-720F97214934}"
EndProject
Global
	GlobalSection(SolutionConfigurationPlatforms) = preSolution
		Debug|Any CPU = Debug|Any CPU
		Release|Any CPU = Release|Any CPU
	EndGlobalSection
	GlobalSection(ProjectConfigurationPlatforms) = postSolution
		{62813D7B-7C22-4092-B1F2-720F97214934}.Debug|Any CPU.ActiveCfg = Debug|Any CPU
		{62813D7B-7C22-4092-B1F2-720F97214934}.Debug|Any CPU.Build.0 = Debug|Any CPU
		{62813D7B-7C22-4092-B1F2-720F97214934}.Release|Any CPU.ActiveCfg = Release|Any CPU
		{62813D7B-7C22-4092-B1F2-720F97214934}.Release|Any CPU.Build.0 = Release|Any CPU
	EndGlobalSection
	GlobalSection(SolutionProperties) = preSolution
		HideSolutionNode = FALSE
	EndGlobalSection
	GlobalSection(ExtensibilityGlobals) = postSolution
		SolutionGuid = {DB8AAF52-57F9-45E8-B291-435F6DA5BFBF}
	EndGlobalSection
EndGlobal
